{
  "name": "heroku-postico",
  "version": "0.0.5",
  "lockfileVersion": 1,
  "dependencies": {
    "ansi-escapes": {
      "version": "https://registry.npmjs.org/ansi-escapes/-/ansi-escapes-1.4.0.tgz",
      "integrity": "sha1-06ioOzGapneTZisT52HHkRQiMG4="
    },
    "ansi-regex": {
      "version": "https://registry.npmjs.org/ansi-regex/-/ansi-regex-2.0.0.tgz",
      "integrity": "sha1-xQYbbg74qBd15Q9dZhUb9r83EQc="
    },
    "ansi-styles": {
      "version": "https://registry.npmjs.org/ansi-styles/-/ansi-styles-2.2.1.tgz",
      "integrity": "sha1-tDLdM1i2NM914eRmQ2gkBTPB3b4="
    },
    "ansicolors": {
      "version": "https://registry.npmjs.org/ansicolors/-/ansicolors-0.2.1.tgz",
      "integrity": "sha1-vgiVmQl7dKXJxKhKDNvNtivYeu8="
    },
    "capture-stack-trace": {
      "version": "https://registry.npmjs.org/capture-stack-trace/-/capture-stack-trace-1.0.0.tgz",
      "integrity": "sha1-Sm+gc5nCa7pH8LJJa00PtAjFVQ0="
    },
    "chalk": {
      "version": "https://registry.npmjs.org/chalk/-/chalk-1.1.3.tgz",
      "integrity": "sha1-qBFcVeSnAv5NFQq9OHKCKn4J/Jg=",
      "dependencies": {
        "supports-color": {
          "version": "https://registry.npmjs.org/supports-color/-/supports-color-2.0.0.tgz",
          "integrity": "sha1-U10EXOa2Nj+kARcIRimZXp3zJMc="
        }
      }
    },
    "co": {
      "version": "https://registry.npmjs.org/co/-/co-4.6.0.tgz",
      "integrity": "sha1-bqa989hTrlTMuOR7+gvz+QMfsYQ="
    },
    "create-error-class": {
      "version": "https://registry.npmjs.org/create-error-class/-/create-error-class-3.0.2.tgz",
      "integrity": "sha1-Br56vvlHo/FKMP1hBnHUAbyot7Y="
    },
    "debug": {
      "version": "2.6.8",
      "resolved": "https://registry.npmjs.org/debug/-/debug-2.6.8.tgz",
      "integrity": "sha1-5zFTHKLt4n0YgiJCfaF4IdaP9Pw="
    },
    "duplexer3": {
      "version": "https://registry.npmjs.org/duplexer3/-/duplexer3-0.1.4.tgz",
      "integrity": "sha1-7gHdHKwO08vH/b6jfcCo8c4ALOI="
    },
    "escape-string-regexp": {
      "version": "https://registry.npmjs.org/escape-string-regexp/-/escape-string-regexp-1.0.5.tgz",
      "integrity": "sha1-G2HAViGQqN/2rjuyzwIAyhMLhtQ="
    },
    "get-stream": {
      "version": "https://registry.npmjs.org/get-stream/-/get-stream-1.1.0.tgz",
      "integrity": "sha1-VUZZCTYGwbUoQhi+ZfaDhcnwwYs="
    },
    "got": {
      "version": "https://registry.npmjs.org/got/-/got-6.3.0.tgz",
      "integrity": "sha1-RpnoAQY/WAUrbWYgjclnDGfBiIM="
    },
    "has-ansi": {
      "version": "https://registry.npmjs.org/has-ansi/-/has-ansi-2.0.0.tgz",
      "integrity": "sha1-NPUEnOHs3ysGSa8+8k5F7TVBbZE="
    },
    "has-flag": {
      "version": "https://registry.npmjs.org/has-flag/-/has-flag-1.0.0.tgz",
      "integrity": "sha1-nZ55MWXOAXoA8AQYxD+UKnsdEfo="
    },
    "heroku-cli-util": {
      "version": "6.2.0",
      "resolved": "https://registry.npmjs.org/heroku-cli-util/-/heroku-cli-util-6.2.0.tgz",
      "integrity": "sha512-Gzo40Z8nNWqzgFaiOxz4eZCAUxcYpPfEobVdIa+yOUKef8SBqJHk+DI8ZCEy7qSzdhMPIjGVvfX3gZ7dOQCcKA==",
      "dependencies": {
        "cardinal": {
          "version": "1.0.0",
          "resolved": "https://registry.npmjs.org/cardinal/-/cardinal-1.0.0.tgz",
          "integrity": "sha1-UOIcGwqjdyn5N33vGWtanOyTLuk="
        },
        "esprima": {
          "version": "3.0.0",
          "resolved": "https://registry.npmjs.org/esprima/-/esprima-3.0.0.tgz",
          "integrity": "sha1-U88kes2ncxPlUcOqLnM0LT+099k="
        },
        "heroku-client": {
          "version": "3.0.2",
          "resolved": "https://registry.npmjs.org/heroku-client/-/heroku-client-3.0.2.tgz",
          "integrity": "sha1-fgbzA/8Y96BzFyXczL4hC3YZhlc="
        },
        "lodash.ary": {
          "version": "4.1.1",
          "resolved": "https://registry.npmjs.org/lodash.ary/-/lodash.ary-4.1.1.tgz",
          "integrity": "sha1-ZgZfqRusx6A02cj85S+D08fkAhI="
        },
        "lodash.defaults": {
          "version": "4.2.0",
          "resolved": "https://registry.npmjs.org/lodash.defaults/-/lodash.defaults-4.2.0.tgz",
          "integrity": "sha1-0JF4cW/+pN3p5ft7N/bwgCJ0WAw="
        },
        "lodash.get": {
          "version": "4.4.2",
          "resolved": "https://registry.npmjs.org/lodash.get/-/lodash.get-4.4.2.tgz",
          "integrity": "sha1-LRd/ZS+jHpObRDjVNBSZ36OCXpk="
        },
        "lodash.keys": {
          "version": "4.2.0",
          "resolved": "https://registry.npmjs.org/lodash.keys/-/lodash.keys-4.2.0.tgz",
          "integrity": "sha1-oIYCrBLk+4P5H8H7ejYKTZujUgU="
        },
        "lodash.mapvalues": {
          "version": "4.6.0",
          "resolved": "https://registry.npmjs.org/lodash.mapvalues/-/lodash.mapvalues-4.6.0.tgz",
          "integrity": "sha1-G6+lAF3p3W9PJmaMMMo3IwzJaJw="
        },
        "lodash.partial": {
          "version": "4.2.1",
          "resolved": "https://registry.npmjs.org/lodash.partial/-/lodash.partial-4.2.1.tgz",
          "integrity": "sha1-SfPYz9qjv/izqR0SfpIyRUGJYdQ="
        },
        "lodash.pickby": {
          "version": "4.6.0",
          "resolved": "https://registry.npmjs.org/lodash.pickby/-/lodash.pickby-4.6.0.tgz",
          "integrity": "sha1-feoh2MGNdwOifHBMFdO4SmfjOv8="
        },
        "lodash.property": {
          "version": "4.4.2",
          "resolved": "https://registry.npmjs.org/lodash.property/-/lodash.property-4.4.2.tgz",
          "integrity": "sha1-2gcSSCHGQJ0CXzDbjfhRMUUVv/4="
        },
        "lodash.repeat": {
          "version": "4.1.0",
          "resolved": "https://registry.npmjs.org/lodash.repeat/-/lodash.repeat-4.1.0.tgz",
          "integrity": "sha1-/H3oEx2MisB+S0n3T/6CnR8r7EQ="
        },
        "lodash.result": {
          "version": "4.5.2",
          "resolved": "https://registry.npmjs.org/lodash.result/-/lodash.result-4.5.2.tgz",
          "integrity": "sha1-y0Wyf7kU6qjY7m8M57KHC4fLcKo="
        },
        "redeyed": {
          "version": "1.0.1",
          "resolved": "https://registry.npmjs.org/redeyed/-/redeyed-1.0.1.tgz",
          "integrity": "sha1-6WwZO0DAgWsArshCaY5hGF5VSYo="
        }
      }
    },
    "is-plain-obj": {
      "version": "https://registry.npmjs.org/is-plain-obj/-/is-plain-obj-1.1.0.tgz",
      "integrity": "sha1-caUMhCnfync8kqOQpKA7OfzVHT4="
    },
    "is-redirect": {
      "version": "https://registry.npmjs.org/is-redirect/-/is-redirect-1.0.0.tgz",
      "integrity": "sha1-HQPd7VO9jbDzDCbk+V02/HyH3CQ="
    },
    "is-retry-allowed": {
      "version": "https://registry.npmjs.org/is-retry-allowed/-/is-retry-allowed-1.0.0.tgz",
      "integrity": "sha1-KyBwsVGCPUBEqLu/YoWwxCuHA94="
    },
    "is-stream": {
      "version": "https://registry.npmjs.org/is-stream/-/is-stream-1.1.0.tgz",
      "integrity": "sha1-EtSj3U5o4Lec6428hBc66A2RykQ="
    },
    "lex": {
      "version": "1.7.9",
      "resolved": "https://registry.npmjs.org/lex/-/lex-1.7.9.tgz",
      "integrity": "sha1-XVY2zO9XQ0g2KTi3mkfw7tjtDUM="
    },
    "lodash.identity": {
      "version": "https://registry.npmjs.org/lodash.identity/-/lodash.identity-3.0.0.tgz",
      "integrity": "sha1-rXvGpOZH15yXLhuA/u968VYmeHY="
    },
    "lodash.noop": {
      "version": "https://registry.npmjs.org/lodash.noop/-/lodash.noop-3.0.1.tgz",
      "integrity": "sha1-OBiPTWUKOkdCWEObluxFsyYXEzw="
    },
    "lowercase-keys": {
      "version": "https://registry.npmjs.org/lowercase-keys/-/lowercase-keys-1.0.0.tgz",
      "integrity": "sha1-TjNms55/VFfjXxMkvfb4jQv8cwY="
    },
    "ms": {
      "version": "2.0.0",
      "resolved": "https://registry.npmjs.org/ms/-/ms-2.0.0.tgz",
      "integrity": "sha1-VgiurfwAvmwpAd9fmGF4jeDVl8g="
    },
    "netrc-parser": {
      "version": "2.0.1",
      "resolved": "https://registry.npmjs.org/netrc-parser/-/netrc-parser-2.0.1.tgz",
      "integrity": "sha1-vR2LHq+VVdTM6wUbdNoasKAY5EA="
    },
    "node-status-codes": {
      "version": "https://registry.npmjs.org/node-status-codes/-/node-status-codes-2.0.0.tgz",
      "integrity": "sha1-8tRp2JJ/CIr/KKlW0rk+Pi0U+40="
    },
    "object-assign": {
      "version": "https://registry.npmjs.org/object-assign/-/object-assign-4.1.0.tgz",
      "integrity": "sha1-ejs9DpgGPUP0wD8uiubNUahog6A="
    },
    "openurl": {
      "version": "1.1.1",
      "resolved": "https://registry.npmjs.org/openurl/-/openurl-1.1.1.tgz",
      "integrity": "sha1-OHW0sO96UsFW8NtB1GCduw+Us4c="
    },
    "opn": {
      "version": "https://registry.npmjs.org/opn/-/opn-3.0.3.tgz",
      "integrity": "sha1-ttmec5n3jWXDuq/+8fsojpuFJDo="
    },
    "prepend-http": {
      "version": "https://registry.npmjs.org/prepend-http/-/prepend-http-1.0.4.tgz",
      "integrity": "sha1-1PRWKwzjaW5BrFLQ4ALlemNdxtw="
    },
    "strip-ansi": {
      "version": "https://registry.npmjs.org/strip-ansi/-/strip-ansi-3.0.1.tgz",
      "integrity": "sha1-ajhfuIU9lS1f8F0Oiq+UJ43GPc8="
    },
    "supports-color": {
      "version": "https://registry.npmjs.org/supports-color/-/supports-color-3.1.2.tgz",
      "integrity": "sha1-cqJiiU2dQIuVbKBf83su2KbiotU="
    },
    "timed-out": {
      "version": "https://registry.npmjs.org/timed-out/-/timed-out-2.0.0.tgz",
      "integrity": "sha1-84sK6B03R9YoAB9B2vxlKs5nHAo="
    },
    "tunnel-agent": {
      "version": "https://registry.npmjs.org/tunnel-agent/-/tunnel-agent-0.4.3.tgz",
      "integrity": "sha1-Y3PbdpCf5XDgjXNYM2Xtgop07us="
    },
    "unzip-response": {
      "version": "https://registry.npmjs.org/unzip-response/-/unzip-response-1.0.0.tgz",
      "integrity": "sha1-v9pU7uxljwDC301ElLncoMoA8+Q="
    },
    "url-parse-lax": {
      "version": "https://registry.npmjs.org/url-parse-lax/-/url-parse-lax-1.0.0.tgz",
      "integrity": "sha1-evjzA2Rem9eaJy56FKxovAYJ2nM="
    }
  }
}
